
Microsoft Visual Studio Solution File, Format Version 12.00
# Visual Studio 15
VisualStudioVersion = 15.0.26124.0
MinimumVisualStudioVersion = 15.0.26124.0
Project("{FAE04EC0-301F-11D3-BF4B-00C04F79EFBC}") = "DomainModels", "DomainModels\DomainModels.csproj", "{AD55E55B-4C28-4B7C-85AD-547F1C12ECDC}"
EndProject
Project("{FAE04EC0-301F-11D3-BF4B-00C04F79EFBC}") = "DataComponent", "DataComponent\DataComponent.csproj", "{70073FA6-740E-43CB-AA9B-FDF6D2990A1E}"
EndProject
Project("{FAE04EC0-301F-11D3-BF4B-00C04F79EFBC}") = "Frontend", "Frontend\Frontend.csproj", "{1D3FBC6C-06D0-4EB1-856D-86AC86D3DE0C}"
EndProject
Project("{FAE04EC0-301F-11D3-BF4B-00C04F79EFBC}") = "LoggingComponent", "LoggingComponent\LoggingComponent.csproj", "{1A49FD61-92AC-4FD5-B8A2-DD6B07586FD2}"
EndProject
Project("{FAE04EC0-301F-11D3-BF4B-00C04F79EFBC}") = "Specification", "Specification\Specification.csproj", "{9959415E-F262-46FD-8E23-3D1E9194FA86}"
EndProject
Global
	GlobalSection(SolutionConfigurationPlatforms) = preSolution
		Debug|Any CPU = Debug|Any CPU
		Debug|x64 = Debug|x64
		Debug|x86 = Debug|x86
		Release|Any CPU = Release|Any CPU
		Release|x64 = Release|x64
		Release|x86 = Release|x86
	EndGlobalSection
	GlobalSection(SolutionProperties) = preSolution
		HideSolutionNode = FALSE
	EndGlobalSection
	GlobalSection(ProjectConfigurationPlatforms) = postSolution
		{AD55E55B-4C28-4B7C-85AD-547F1C12ECDC}.Debug|Any CPU.ActiveCfg = Debug|Any CPU
		{AD55E55B-4C28-4B7C-85AD-547F1C12ECDC}.Debug|Any CPU.Build.0 = Debug|Any CPU
		{AD55E55B-4C28-4B7C-85AD-547F1C12ECDC}.Debug|x64.ActiveCfg = Debug|Any CPU
		{AD55E55B-4C28-4B7C-85AD-547F1C12ECDC}.Debug|x64.Build.0 = Debug|Any CPU
		{AD55E55B-4C28-4B7C-85AD-547F1C12ECDC}.Debug|x86.ActiveCfg = Debug|Any CPU
		{AD55E55B-4C28-4B7C-85AD-547F1C12ECDC}.Debug|x86.Build.0 = Debug|Any CPU
		{AD55E55B-4C28-4B7C-85AD-547F1C12ECDC}.Release|Any CPU.ActiveCfg = Release|Any CPU
		{AD55E55B-4C28-4B7C-85AD-547F1C12ECDC}.Release|Any CPU.Build.0 = Release|Any CPU
		{AD55E55B-4C28-4B7C-85AD-547F1C12ECDC}.Release|x64.ActiveCfg = Release|Any CPU
		{AD55E55B-4C28-4B7C-85AD-547F1C12ECDC}.Release|x64.Build.0 = Release|Any CPU
		{AD55E55B-4C28-4B7C-85AD-547F1C12ECDC}.Release|x86.ActiveCfg = Release|Any CPU
		{AD55E55B-4C28-4B7C-85AD-547F1C12ECDC}.Release|x86.Build.0 = Release|Any CPU
		{70073FA6-740E-43CB-AA9B-FDF6D2990A1E}.Debug|Any CPU.ActiveCfg = Debug|Any CPU
		{70073FA6-740E-43CB-AA9B-FDF6D2990A1E}.Debug|Any CPU.Build.0 = Debug|Any CPU
		{70073FA6-740E-43CB-AA9B-FDF6D2990A1E}.Debug|x64.ActiveCfg = Debug|Any CPU
		{70073FA6-740E-43CB-AA9B-FDF6D2990A1E}.Debug|x64.Build.0 = Debug|Any CPU
		{70073FA6-740E-43CB-AA9B-FDF6D2990A1E}.Debug|x86.ActiveCfg = Debug|Any CPU
		{70073FA6-740E-43CB-AA9B-FDF6D2990A1E}.Debug|x86.Build.0 = Debug|Any CPU
		{70073FA6-740E-43CB-AA9B-FDF6D2990A1E}.Release|Any CPU.ActiveCfg = Release|Any CPU
		{70073FA6-740E-43CB-AA9B-FDF6D2990A1E}.Release|Any CPU.Build.0 = Release|Any CPU
		{70073FA6-740E-43CB-AA9B-FDF6D2990A1E}.Release|x64.ActiveCfg = Release|Any CPU
		{70073FA6-740E-43CB-AA9B-FDF6D2990A1E}.Release|x64.Build.0 = Release|Any CPU
		{70073FA6-740E-43CB-AA9B-FDF6D2990A1E}.Release|x86.ActiveCfg = Release|Any CPU
		{70073FA6-740E-43CB-AA9B-FDF6D2990A1E}.Release|x86.Build.0 = Release|Any CPU
		{1D3FBC6C-06D0-4EB1-856D-86AC86D3DE0C}.Debug|Any CPU.ActiveCfg = Debug|Any CPU
		{1D3FBC6C-06D0-4EB1-856D-86AC86D3DE0C}.Debug|Any CPU.Build.0 = Debug|Any CPU
		{1D3FBC6C-06D0-4EB1-856D-86AC86D3DE0C}.Debug|x64.ActiveCfg = Debug|Any CPU
		{1D3FBC6C-06D0-4EB1-856D-86AC86D3DE0C}.Debug|x64.Build.0 = Debug|Any CPU
		{1D3FBC6C-06D0-4EB1-856D-86AC86D3DE0C}.Debug|x86.ActiveCfg = Debug|Any CPU
		{1D3FBC6C-06D0-4EB1-856D-86AC86D3DE0C}.Debug|x86.Build.0 = Debug|Any CPU
		{1D3FBC6C-06D0-4EB1-856D-86AC86D3DE0C}.Release|Any CPU.ActiveCfg = Release|Any CPU
		{1D3FBC6C-06D0-4EB1-856D-86AC86D3DE0C}.Release|Any CPU.Build.0 = Release|Any CPU
		{1D3FBC6C-06D0-4EB1-856D-86AC86D3DE0C}.Release|x64.ActiveCfg = Release|Any CPU
		{1D3FBC6C-06D0-4EB1-856D-86AC86D3DE0C}.Release|x64.Build.0 = Release|Any CPU
		{1D3FBC6C-06D0-4EB1-856D-86AC86D3DE0C}.Release|x86.ActiveCfg = Release|Any CPU
		{1D3FBC6C-06D0-4EB1-856D-86AC86D3DE0C}.Release|x86.Build.0 = Release|Any CPU
		{1A49FD61-92AC-4FD5-B8A2-DD6B07586FD2}.Debug|Any CPU.ActiveCfg = Debug|Any CPU
		{1A49FD61-92AC-4FD5-B8A2-DD6B07586FD2}.Debug|Any CPU.Build.0 = Debug|Any CPU
		{1A49FD61-92AC-4FD5-B8A2-DD6B07586FD2}.Debug|x64.ActiveCfg = Debug|Any CPU
		{1A49FD61-92AC-4FD5-B8A2-DD6B07586FD2}.Debug|x64.Build.0 = Debug|Any CPU
		{1A49FD61-92AC-4FD5-B8A2-DD6B07586FD2}.Debug|x86.ActiveCfg = Debug|Any CPU
		{1A49FD61-92AC-4FD5-B8A2-DD6B07586FD2}.Debug|x86.Build.0 = Debug|Any CPU
		{1A49FD61-92AC-4FD5-B8A2-DD6B07586FD2}.Release|Any CPU.ActiveCfg = Release|Any CPU
		{1A49FD61-92AC-4FD5-B8A2-DD6B07586FD2}.Release|Any CPU.Build.0 = Release|Any CPU
		{1A49FD61-92AC-4FD5-B8A2-DD6B07586FD2}.Release|x64.ActiveCfg = Release|Any CPU
		{1A49FD61-92AC-4FD5-B8A2-DD6B07586FD2}.Release|x64.Build.0 = Release|Any CPU
		{1A49FD61-92AC-4FD5-B8A2-DD6B07586FD2}.Release|x86.ActiveCfg = Release|Any CPU
		{1A49FD61-92AC-4FD5-B8A2-DD6B07586FD2}.Release|x86.Build.0 = Release|Any CPU
		{9959415E-F262-46FD-8E23-3D1E9194FA86}.Debug|Any CPU.ActiveCfg = Debug|Any CPU
		{9959415E-F262-46FD-8E23-3D1E9194FA86}.Debug|Any CPU.Build.0 = Debug|Any CPU
		{9959415E-F262-46FD-8E23-3D1E9194FA86}.Debug|x64.ActiveCfg = Debug|Any CPU
		{9959415E-F262-46FD-8E23-3D1E9194FA86}.Debug|x64.Build.0 = Debug|Any CPU
		{9959415E-F262-46FD-8E23-3D1E9194FA86}.Debug|x86.ActiveCfg = Debug|Any CPU
		{9959415E-F262-46FD-8E23-3D1E9194FA86}.Debug|x86.Build.0 = Debug|Any CPU
		{9959415E-F262-46FD-8E23-3D1E9194FA86}.Release|Any CPU.ActiveCfg = Release|Any CPU
		{9959415E-F262-46FD-8E23-3D1E9194FA86}.Release|Any CPU.Build.0 = Release|Any CPU
		{9959415E-F262-46FD-8E23-3D1E9194FA86}.Release|x64.ActiveCfg = Release|Any CPU
		{9959415E-F262-46FD-8E23-3D1E9194FA86}.Release|x64.Build.0 = Release|Any CPU
		{9959415E-F262-46FD-8E23-3D1E9194FA86}.Release|x86.ActiveCfg = Release|Any CPU
		{9959415E-F262-46FD-8E23-3D1E9194FA86}.Release|x86.Build.0 = Release|Any CPU
	EndGlobalSection
EndGlobal
